
Microsoft Visual Studio Solution File, Format Version 12.00
# Visual Studio Version 16
VisualStudioVersion = 16.0.29911.84
MinimumVisualStudioVersion = 10.0.40219.1
Project("{8BC9CEB8-8B4A-11D0-8D11-00A0C91BC942}") = "heshTab", "heshTab.vcxproj", "{987A0222-AA33-40F3-B892-653D27181213}"
EndProject
Project("{8BC9CEB8-8B4A-11D0-8D11-00A0C91BC942}") = "UnitTests", "..\UnitTests\UnitTests.vcxproj", "{4F8C340E-89EA-4224-B48B-758310CD5FA9}"
EndProject
Global
	GlobalSection(SolutionConfigurationPlatforms) = preSolution
		Debug|x64 = Debug|x64
		Debug|x86 = Debug|x86
		Release|x64 = Release|x64
		Release|x86 = Release|x86
	EndGlobalSection
	GlobalSection(ProjectConfigurationPlatforms) = postSolution
		{987A0222-AA33-40F3-B892-653D27181213}.Debug|x64.ActiveCfg = Debug|x64
		{987A0222-AA33-40F3-B892-653D27181213}.Debug|x64.Build.0 = Debug|x64
		{987A0222-AA33-40F3-B892-653D27181213}.Debug|x86.ActiveCfg = Debug|Win32
		{987A0222-AA33-40F3-B892-653D27181213}.Debug|x86.Build.0 = Debug|Win32
		{987A0222-AA33-40F3-B892-653D27181213}.Release|x64.ActiveCfg = Release|x64
		{987A0222-AA33-40F3-B892-653D27181213}.Release|x64.Build.0 = Release|x64
		{987A0222-AA33-40F3-B892-653D27181213}.Release|x86.ActiveCfg = Release|Win32
		{987A0222-AA33-40F3-B892-653D27181213}.Release|x86.Build.0 = Release|Win32
		{4F8C340E-89EA-4224-B48B-758310CD5FA9}.Debug|x64.ActiveCfg = Debug|x64
		{4F8C340E-89EA-4224-B48B-758310CD5FA9}.Debug|x64.Build.0 = Debug|x64
		{4F8C340E-89EA-4224-B48B-758310CD5FA9}.Debug|x86.ActiveCfg = Debug|Win32
		{4F8C340E-89EA-4224-B48B-758310CD5FA9}.Debug|x86.Build.0 = Debug|Win32
		{4F8C340E-89EA-4224-B48B-758310CD5FA9}.Release|x64.ActiveCfg = Release|x64
		{4F8C340E-89EA-4224-B48B-758310CD5FA9}.Release|x64.Build.0 = Release|x64
		{4F8C340E-89EA-4224-B48B-758310CD5FA9}.Release|x86.ActiveCfg = Release|Win32
		{4F8C340E-89EA-4224-B48B-758310CD5FA9}.Release|x86.Build.0 = Release|Win32
	EndGlobalSection
	GlobalSection(SolutionProperties) = preSolution
		HideSolutionNode = FALSE
	EndGlobalSection
	GlobalSection(ExtensibilityGlobals) = postSolution
		SolutionGuid = {50D0D70D-F914-425E-A2FD-54BE678C866A}
	EndGlobalSection
EndGlobal
